
Microsoft Visual Studio Solution File, Format Version 12.00
# Visual Studio 15
VisualStudioVersion = 15.0.26430.15
MinimumVisualStudioVersion = 10.0.40219.1
Project("{8BC9CEB8-8B4A-11D0-8D11-00A0C91BC942}") = "PAC-MAN", "PAC-MAN.vcxproj", "{553D497C-DD10-4B3D-9F5A-CC4267744407}"
	ProjectSection(ProjectDependencies) = postProject
		{4D019903-DA3D-466B-8863-DE77285C6531} = {4D019903-DA3D-466B-8863-DE77285C6531}
	EndProjectSection
EndProject
Project("{8BC9CEB8-8B4A-11D0-8D11-00A0C91BC942}") = "HighLevelAPI", "HighLevelAPI\HighLevelAPI.vcxproj", "{4D019903-DA3D-466B-8863-DE77285C6531}"
EndProject
Global
	GlobalSection(SolutionConfigurationPlatforms) = preSolution
		Debug|x64 = Debug|x64
		Release|x64 = Release|x64
	EndGlobalSection
	GlobalSection(ProjectConfigurationPlatforms) = postSolution
		{553D497C-DD10-4B3D-9F5A-CC4267744407}.Debug|x64.ActiveCfg = Debug|x64
		{553D497C-DD10-4B3D-9F5A-CC4267744407}.Debug|x64.Build.0 = Debug|x64
		{553D497C-DD10-4B3D-9F5A-CC4267744407}.Release|x64.ActiveCfg = Release|x64
		{553D497C-DD10-4B3D-9F5A-CC4267744407}.Release|x64.Build.0 = Release|x64
		{4D019903-DA3D-466B-8863-DE77285C6531}.Debug|x64.ActiveCfg = Debug|x64
		{4D019903-DA3D-466B-8863-DE77285C6531}.Debug|x64.Build.0 = Debug|x64
		{4D019903-DA3D-466B-8863-DE77285C6531}.Release|x64.ActiveCfg = Release|x64
		{4D019903-DA3D-466B-8863-DE77285C6531}.Release|x64.Build.0 = Release|x64
	EndGlobalSection
	GlobalSection(SolutionProperties) = preSolution
		HideSolutionNode = FALSE
	EndGlobalSection
	GlobalSection(ExtensibilityGlobals) = postSolution
		SolutionGuid = {4822D34E-ED59-4105-91C4-73965A8DE922}
	EndGlobalSection
EndGlobal
